
Microsoft Visual Studio Solution File, Format Version 12.00
# Visual Studio Version 16
VisualStudioVersion = 16.0.30114.105
MinimumVisualStudioVersion = 10.0.40219.1
Project("{9A19103F-16F7-4668-BE54-9A1E7A4F7556}") = "CTeleport.GeoDistanceResolver.Core", "src\Core\CTeleport.GeoDistanceResolver.Core\CTeleport.GeoDistanceResolver.Core.csproj", "{B141E16C-C162-40D7-B757-E59DA35B5944}"
EndProject
Project("{2150E333-8FDC-42A3-9474-1A3956D46DE8}") = "src", "src", "{44504F0D-DA74-427E-9C44-71E597E6D099}"
EndProject
Project("{2150E333-8FDC-42A3-9474-1A3956D46DE8}") = "Core", "Core", "{E50C659A-9FE4-4132-B631-504DFA9167F6}"
EndProject
Project("{2150E333-8FDC-42A3-9474-1A3956D46DE8}") = "Backend", "Backend", "{899B9740-1FF8-4034-B902-BD2E3371F800}"
EndProject
Project("{2150E333-8FDC-42A3-9474-1A3956D46DE8}") = "Tests", "Tests", "{F91B017E-25F6-450A-9695-51DEF94246E0}"
EndProject
Project("{9A19103F-16F7-4668-BE54-9A1E7A4F7556}") = "CTeleport.GeoDistanceResolver.Test", "src\Backend\Tests\CTeleport.GeoDistanceResolver.Test\CTeleport.GeoDistanceResolver.Test.csproj", "{EE2FC8FC-E546-4411-8FD4-944D75D4B84F}"
EndProject
Project("{9A19103F-16F7-4668-BE54-9A1E7A4F7556}") = "CTeleport.GeoDistanceResolver.Web", "src\Backend\CTeleport.GeoDistanceResolver.Web\CTeleport.GeoDistanceResolver.Web.csproj", "{78BFC16D-E0B5-44BB-9F82-62A9D734FF2A}"
EndProject
Project("{9A19103F-16F7-4668-BE54-9A1E7A4F7556}") = "CTeleport.GeoDistanceResolver.Data", "src\Core\CTeleport.GeoDistanceResolver.Data\CTeleport.GeoDistanceResolver.Data.csproj", "{85D4FEAE-FB63-488C-982C-5EDC94655388}"
EndProject
Project("{2150E333-8FDC-42A3-9474-1A3956D46DE8}") = "Solution items", "Solution items", "{AF9D2F9A-0CFA-496C-8577-D7BB2283E828}"
	ProjectSection(SolutionItems) = preProject
		.gitignore = .gitignore
		README.md = README.md
	EndProjectSection
EndProject
Project("{9A19103F-16F7-4668-BE54-9A1E7A4F7556}") = "CTeleport.GeoDistanceResolver.Application", "src\Core\CTeleport.GeoDistanceResolver.Application\CTeleport.GeoDistanceResolver.Application.csproj", "{D3135BF1-EAA7-4382-BC7F-16195D9ED8E0}"
EndProject
Project("{2150E333-8FDC-42A3-9474-1A3956D46DE8}") = "docs", "docs", "{BA728408-6A3F-405B-8022-A833DDF66347}"
	ProjectSection(SolutionItems) = preProject
		docs\doc.html = docs\doc.html
	EndProjectSection
EndProject
Global
	GlobalSection(SolutionConfigurationPlatforms) = preSolution
		Debug|Any CPU = Debug|Any CPU
		Release|Any CPU = Release|Any CPU
	EndGlobalSection
	GlobalSection(ProjectConfigurationPlatforms) = postSolution
		{B141E16C-C162-40D7-B757-E59DA35B5944}.Debug|Any CPU.ActiveCfg = Debug|Any CPU
		{B141E16C-C162-40D7-B757-E59DA35B5944}.Debug|Any CPU.Build.0 = Debug|Any CPU
		{B141E16C-C162-40D7-B757-E59DA35B5944}.Release|Any CPU.ActiveCfg = Release|Any CPU
		{B141E16C-C162-40D7-B757-E59DA35B5944}.Release|Any CPU.Build.0 = Release|Any CPU
		{EE2FC8FC-E546-4411-8FD4-944D75D4B84F}.Debug|Any CPU.ActiveCfg = Debug|Any CPU
		{EE2FC8FC-E546-4411-8FD4-944D75D4B84F}.Debug|Any CPU.Build.0 = Debug|Any CPU
		{EE2FC8FC-E546-4411-8FD4-944D75D4B84F}.Release|Any CPU.ActiveCfg = Release|Any CPU
		{EE2FC8FC-E546-4411-8FD4-944D75D4B84F}.Release|Any CPU.Build.0 = Release|Any CPU
		{78BFC16D-E0B5-44BB-9F82-62A9D734FF2A}.Debug|Any CPU.ActiveCfg = Debug|Any CPU
		{78BFC16D-E0B5-44BB-9F82-62A9D734FF2A}.Debug|Any CPU.Build.0 = Debug|Any CPU
		{78BFC16D-E0B5-44BB-9F82-62A9D734FF2A}.Release|Any CPU.ActiveCfg = Release|Any CPU
		{78BFC16D-E0B5-44BB-9F82-62A9D734FF2A}.Release|Any CPU.Build.0 = Release|Any CPU
		{85D4FEAE-FB63-488C-982C-5EDC94655388}.Debug|Any CPU.ActiveCfg = Debug|Any CPU
		{85D4FEAE-FB63-488C-982C-5EDC94655388}.Debug|Any CPU.Build.0 = Debug|Any CPU
		{85D4FEAE-FB63-488C-982C-5EDC94655388}.Release|Any CPU.ActiveCfg = Release|Any CPU
		{85D4FEAE-FB63-488C-982C-5EDC94655388}.Release|Any CPU.Build.0 = Release|Any CPU
		{D3135BF1-EAA7-4382-BC7F-16195D9ED8E0}.Debug|Any CPU.ActiveCfg = Debug|Any CPU
		{D3135BF1-EAA7-4382-BC7F-16195D9ED8E0}.Debug|Any CPU.Build.0 = Debug|Any CPU
		{D3135BF1-EAA7-4382-BC7F-16195D9ED8E0}.Release|Any CPU.ActiveCfg = Release|Any CPU
		{D3135BF1-EAA7-4382-BC7F-16195D9ED8E0}.Release|Any CPU.Build.0 = Release|Any CPU
	EndGlobalSection
	GlobalSection(SolutionProperties) = preSolution
		HideSolutionNode = FALSE
	EndGlobalSection
	GlobalSection(NestedProjects) = preSolution
		{B141E16C-C162-40D7-B757-E59DA35B5944} = {E50C659A-9FE4-4132-B631-504DFA9167F6}
		{E50C659A-9FE4-4132-B631-504DFA9167F6} = {44504F0D-DA74-427E-9C44-71E597E6D099}
		{899B9740-1FF8-4034-B902-BD2E3371F800} = {44504F0D-DA74-427E-9C44-71E597E6D099}
		{F91B017E-25F6-450A-9695-51DEF94246E0} = {899B9740-1FF8-4034-B902-BD2E3371F800}
		{EE2FC8FC-E546-4411-8FD4-944D75D4B84F} = {F91B017E-25F6-450A-9695-51DEF94246E0}
		{78BFC16D-E0B5-44BB-9F82-62A9D734FF2A} = {899B9740-1FF8-4034-B902-BD2E3371F800}
		{85D4FEAE-FB63-488C-982C-5EDC94655388} = {E50C659A-9FE4-4132-B631-504DFA9167F6}
		{D3135BF1-EAA7-4382-BC7F-16195D9ED8E0} = {E50C659A-9FE4-4132-B631-504DFA9167F6}
	EndGlobalSection
	GlobalSection(ExtensibilityGlobals) = postSolution
		SolutionGuid = {01F3CC4B-0B08-458C-9507-FFF679876DC1}
	EndGlobalSection
EndGlobal
